
Microsoft Visual Studio Solution File, Format Version 12.00
# Visual Studio Version 16
VisualStudioVersion = 16.0.29613.14
MinimumVisualStudioVersion = 10.0.40219.1
Project("{FAE04EC0-301F-11D3-BF4B-00C04F79EFBC}") = "asptodo", "asptodo\asptodo.csproj", "{CE3F3F77-0DDE-4749-ABEC-7987D508B18F}"
EndProject
Global
	GlobalSection(SolutionConfigurationPlatforms) = preSolution
		Debug|Any CPU = Debug|Any CPU
		Release|Any CPU = Release|Any CPU
	EndGlobalSection
	GlobalSection(ProjectConfigurationPlatforms) = postSolution
		{CE3F3F77-0DDE-4749-ABEC-7987D508B18F}.Debug|Any CPU.ActiveCfg = Debug|Any CPU
		{CE3F3F77-0DDE-4749-ABEC-7987D508B18F}.Debug|Any CPU.Build.0 = Debug|Any CPU
		{CE3F3F77-0DDE-4749-ABEC-7987D508B18F}.Release|Any CPU.ActiveCfg = Release|Any CPU
		{CE3F3F77-0DDE-4749-ABEC-7987D508B18F}.Release|Any CPU.Build.0 = Release|Any CPU
	EndGlobalSection
	GlobalSection(SolutionProperties) = preSolution
		HideSolutionNode = FALSE
	EndGlobalSection
	GlobalSection(ExtensibilityGlobals) = postSolution
		SolutionGuid = {1869AE66-7FAF-4648-B2D6-C6F564EC648E}
	EndGlobalSection
EndGlobal
